<?xml version="1.0" encoding="utf-8"?>
<Project ToolsVersion="4.0" xmlns="http://schemas.microsoft.com/developer/msbuild/2003">
  <ItemGroup>
    <Filter Include="Source Files">
      <UniqueIdentifier>{4FC737F1-C7A5-4376-A066-2A32D752A2FF}</UniqueIdentifier>
      <Extensions>cpp;c;cc;cxx;def;odl;idl;hpj;bat;asm;asmx</Extensions>
    </Filter>
    <Filter Include="Header Files">
      <UniqueIdentifier>{93995380-89BD-4b04-88EB-625FBE52EBFB}</UniqueIdentifier>
      <Extensions>h;hpp;hxx;hm;inl;inc;xsd</Extensions>
    </Filter>
    <Filter Include="OpenCL Files">
      <UniqueIdentifier>{D011BB44-1BF7-4113-997B-A081035B40D8}</UniqueIdentifier>
      <Extensions>cl</Extensions>
    </Filter>
    <Filter Include="resources">
      <UniqueIdentifier>{67DA6AB6-F800-4c08-8B7A-83BB121AAD01}</UniqueIdentifier>
      <Extensions>rc;ico;cur;bmp;dlg;rc2;rct;bin;rgs;gif;jpg;jpeg;jpe;resx;tiff;tif;png;wav</Extensions>
    </Filter>
  </ItemGroup>
  <ItemGroup>
    <ClCompile Include="main.cpp">
      <Filter>Source Files</Filter>
    </ClCompile>
    <ClCompile Include="layer.cpp">
      <Filter>Source Files</Filter>
    </ClCompile>
    <ClCompile Include="training.cpp">
      <Filter>Source Files</Filter>
    </ClCompile>
    <ClCompile Include="fullyconnectedneuralnet.cpp">
      <Filter>Source Files</Filter>
    </ClCompile>
    <ClCompile Include="neuralnet.cpp">
      <Filter>Source Files</Filter>
    </ClCompile>
    <ClCompile Include="convolutionalneuralnet.cpp">
      <Filter>Source Files</Filter>
    </ClCompile>
    <ClCompile Include="MNIST.cpp">
      <Filter>Source Files</Filter>
    </ClCompile>
    <ClCompile Include="distortions.cpp">
      <Filter>Source Files</Filter>
    </ClCompile>
  </ItemGroup>
  <ItemGroup>
    <ClInclude Include="layer.h">
      <Filter>Header Files</Filter>
    </ClInclude>
    <ClInclude Include="neuralnet.h">
      <Filter>Header Files</Filter>
    </ClInclude>
    <ClInclude Include="training.h">
      <Filter>Header Files</Filter>
    </ClInclude>
    <ClInclude Include="convolutionalneuralent.h">
      <Filter>Header Files</Filter>
    </ClInclude>
    <ClInclude Include="fullyconnectedneuralnet.h">
      <Filter>Header Files</Filter>
    </ClInclude>
    <ClInclude Include="include.h">
      <Filter>Header Files</Filter>
    </ClInclude>
    <ClInclude Include="cl_neuralnet.h">
      <Filter>OpenCL Files</Filter>
    </ClInclude>
    <ClInclude Include="MNIST.h">
      <Filter>Header Files</Filter>
    </ClInclude>
    <ClInclude Include="distortions.h">
      <Filter>Header Files</Filter>
    </ClInclude>
  </ItemGroup>
  <ItemGroup>
    <Intel_OpenCL_Build_Rules Include="fullyconnectedneuralnet.cl">
      <Filter>OpenCL Files</Filter>
    </Intel_OpenCL_Build_Rules>
    <Intel_OpenCL_Build_Rules Include="convolutionalneuralnet.cl">
      <Filter>OpenCL Files</Filter>
    </Intel_OpenCL_Build_Rules>
  </ItemGroup>
  <ItemGroup>
    <None Include="..\README">
      <Filter>resources</Filter>
    </None>
    <None Include="data\train-images.idx3-ubyte">
      <Filter>resources</Filter>
    </None>
    <None Include="data\train-labels.idx1-ubyte">
      <Filter>resources</Filter>
    </None>
    <None Include="data\t10k-labels.idx1-ubyte">
      <Filter>resources</Filter>
    </None>
    <None Include="data\t10k-images.idx3-ubyte">
      <Filter>resources</Filter>
    </None>
  </ItemGroup>
</Project>